// !$*UTF8*$!
{
	archiveVersion = 1;
	classes = {
	};
	objectVersion = 46;
	objects = {

/* Begin PBXBuildFile section */
		3B29D6E014EEE7E50033A23F /* CoreLocation.framework in Frameworks */ = {isa = PBXBuildFile; fileRef = 3B29D6DF14EEE7E50033A23F /* CoreLocation.framework */; };
		3B29D6E414EF31390033A23F /* JZLocationManager.m in Sources */ = {isa = PBXBuildFile; fileRef = 3B29D6E314EF31390033A23F /* JZLocationManager.m */; };
		3B29D6EA14EFD0850033A23F /* JZGlobalResources.m in Sources */ = {isa = PBXBuildFile; fileRef = 3B29D6E914EFD0850033A23F /* JZGlobalResources.m */; };
		3B29D6ED14EFD1120033A23F /* JZTopHatConnect.m in Sources */ = {isa = PBXBuildFile; fileRef = 3B29D6EC14EFD1120033A23F /* JZTopHatConnect.m */; };
		3B29D73314EFDAC80033A23F /* NSObject+SBJson.m in Sources */ = {isa = PBXBuildFile; fileRef = 3B29D71B14EFDAC80033A23F /* NSObject+SBJson.m */; };
		3B29D73414EFDAC80033A23F /* SBJsonParser.m in Sources */ = {isa = PBXBuildFile; fileRef = 3B29D71E14EFDAC80033A23F /* SBJsonParser.m */; };
		3B29D73514EFDAC80033A23F /* SBJsonStreamParser.m in Sources */ = {isa = PBXBuildFile; fileRef = 3B29D72014EFDAC80033A23F /* SBJsonStreamParser.m */; };
		3B29D73614EFDAC80033A23F /* SBJsonStreamParserAccumulator.m in Sources */ = {isa = PBXBuildFile; fileRef = 3B29D72214EFDAC80033A23F /* SBJsonStreamParserAccumulator.m */; };
		3B29D73714EFDAC80033A23F /* SBJsonStreamParserAdapter.m in Sources */ = {isa = PBXBuildFile; fileRef = 3B29D72414EFDAC80033A23F /* SBJsonStreamParserAdapter.m */; };
		3B29D73814EFDAC80033A23F /* SBJsonStreamParserState.m in Sources */ = {isa = PBXBuildFile; fileRef = 3B29D72614EFDAC80033A23F /* SBJsonStreamParserState.m */; };
		3B29D73914EFDAC80033A23F /* SBJsonStreamWriter.m in Sources */ = {isa = PBXBuildFile; fileRef = 3B29D72814EFDAC80033A23F /* SBJsonStreamWriter.m */; };
		3B29D73A14EFDAC80033A23F /* SBJsonStreamWriterAccumulator.m in Sources */ = {isa = PBXBuildFile; fileRef = 3B29D72A14EFDAC80033A23F /* SBJsonStreamWriterAccumulator.m */; };
		3B29D73B14EFDAC80033A23F /* SBJsonStreamWriterState.m in Sources */ = {isa = PBXBuildFile; fileRef = 3B29D72C14EFDAC80033A23F /* SBJsonStreamWriterState.m */; };
		3B29D73C14EFDAC80033A23F /* SBJsonTokeniser.m in Sources */ = {isa = PBXBuildFile; fileRef = 3B29D72E14EFDAC80033A23F /* SBJsonTokeniser.m */; };
		3B29D73D14EFDAC80033A23F /* SBJsonUTF8Stream.m in Sources */ = {isa = PBXBuildFile; fileRef = 3B29D73014EFDAC80033A23F /* SBJsonUTF8Stream.m */; };
		3B29D73E14EFDAC80033A23F /* SBJsonWriter.m in Sources */ = {isa = PBXBuildFile; fileRef = 3B29D73214EFDAC80033A23F /* SBJsonWriter.m */; };
		3B48A93414D5FDD800846AD6 /* UIKit.framework in Frameworks */ = {isa = PBXBuildFile; fileRef = 3B48A93314D5FDD800846AD6 /* UIKit.framework */; };
		3B48A93614D5FDD800846AD6 /* Foundation.framework in Frameworks */ = {isa = PBXBuildFile; fileRef = 3B48A93514D5FDD800846AD6 /* Foundation.framework */; };
		3B48A93814D5FDD800846AD6 /* CoreGraphics.framework in Frameworks */ = {isa = PBXBuildFile; fileRef = 3B48A93714D5FDD800846AD6 /* CoreGraphics.framework */; };
		3B48A93E14D5FDD800846AD6 /* InfoPlist.strings in Resources */ = {isa = PBXBuildFile; fileRef = 3B48A93C14D5FDD800846AD6 /* InfoPlist.strings */; };
		3B48A94014D5FDD800846AD6 /* main.m in Sources */ = {isa = PBXBuildFile; fileRef = 3B48A93F14D5FDD800846AD6 /* main.m */; };
		3B48A95014D5FF5000846AD6 /* JZJoinGame.xib in Resources */ = {isa = PBXBuildFile; fileRef = 3B48A94E14D5FF5000846AD6 /* JZJoinGame.xib */; };
		3B5766BA14E2A80F00C4F15D /* AVFoundation.framework in Frameworks */ = {isa = PBXBuildFile; fileRef = 3B5766B914E2A80F00C4F15D /* AVFoundation.framework */; };
		3B5766BC14E2A81600C4F15D /* AudioToolbox.framework in Frameworks */ = {isa = PBXBuildFile; fileRef = 3B5766BB14E2A81600C4F15D /* AudioToolbox.framework */; };
		3B5766BE14E2A82000C4F15D /* CoreVideo.framework in Frameworks */ = {isa = PBXBuildFile; fileRef = 3B5766BD14E2A82000C4F15D /* CoreVideo.framework */; };
		3B5766C014E2A82900C4F15D /* CoreMedia.framework in Frameworks */ = {isa = PBXBuildFile; fileRef = 3B5766BF14E2A82900C4F15D /* CoreMedia.framework */; };
		3B5766C214E2A84800C4F15D /* libiconv.dylib in Frameworks */ = {isa = PBXBuildFile; fileRef = 3B5766C114E2A84800C4F15D /* libiconv.dylib */; };
		3B5766C414E2A85100C4F15D /* AddressBook.framework in Frameworks */ = {isa = PBXBuildFile; fileRef = 3B5766C314E2A85100C4F15D /* AddressBook.framework */; };
		3B5766C614E2A85400C4F15D /* AddressBookUI.framework in Frameworks */ = {isa = PBXBuildFile; fileRef = 3B5766C514E2A85400C4F15D /* AddressBookUI.framework */; };
		3B63BD2614E2EC0800D24E22 /* JZAppDelegate.mm in Sources */ = {isa = PBXBuildFile; fileRef = 3B63BD2514E2EC0800D24E22 /* JZAppDelegate.mm */; };
		3B68147A1645A93200C911DF /* HUDMan@2x.png in Resources */ = {isa = PBXBuildFile; fileRef = 3B6814701645A93200C911DF /* HUDMan@2x.png */; };
		3B68147B1645A93200C911DF /* HUDMessages@2x.png in Resources */ = {isa = PBXBuildFile; fileRef = 3B6814711645A93200C911DF /* HUDMessages@2x.png */; };
		3B68147C1645A93200C911DF /* HUDRadar@2x.png in Resources */ = {isa = PBXBuildFile; fileRef = 3B6814721645A93200C911DF /* HUDRadar@2x.png */; };
		3B68147D1645A93200C911DF /* LaunchBrightBackground.png in Resources */ = {isa = PBXBuildFile; fileRef = 3B6814731645A93200C911DF /* LaunchBrightBackground.png */; };
		3B68147E1645A93200C911DF /* LaunchButton@2x.png in Resources */ = {isa = PBXBuildFile; fileRef = 3B6814741645A93200C911DF /* LaunchButton@2x.png */; };
		3B68147F1645A93200C911DF /* LaunchDarkBackground@2x.png in Resources */ = {isa = PBXBuildFile; fileRef = 3B6814751645A93200C911DF /* LaunchDarkBackground@2x.png */; };
		3B6814801645A93200C911DF /* LaunchQRCode.png in Resources */ = {isa = PBXBuildFile; fileRef = 3B6814761645A93200C911DF /* LaunchQRCode.png */; };
		3B6814811645A93200C911DF /* LaunchTopSkin.png in Resources */ = {isa = PBXBuildFile; fileRef = 3B6814771645A93200C911DF /* LaunchTopSkin.png */; };
		3B6814821645A93200C911DF /* RanksTableFrame@2x.png in Resources */ = {isa = PBXBuildFile; fileRef = 3B6814781645A93200C911DF /* RanksTableFrame@2x.png */; };
		3B6814831645A93200C911DF /* SplashLogo.png in Resources */ = {isa = PBXBuildFile; fileRef = 3B6814791645A93200C911DF /* SplashLogo.png */; };
		3B68148916461CFE00C911DF /* HUDViewController.mm in Sources */ = {isa = PBXBuildFile; fileRef = 3B68148716461CFD00C911DF /* HUDViewController.mm */; };
		3B68148A16461CFE00C911DF /* HUDViewController.xib in Resources */ = {isa = PBXBuildFile; fileRef = 3B68148816461CFE00C911DF /* HUDViewController.xib */; };
		3B68148D1646C88100C911DF /* 01-refresh@2x.png in Resources */ = {isa = PBXBuildFile; fileRef = 3B68148C1646C88100C911DF /* 01-refresh@2x.png */; };
		3B6814901646ED2F00C911DF /* JZTeam.m in Sources */ = {isa = PBXBuildFile; fileRef = 3B68148F1646ED2F00C911DF /* JZTeam.m */; };
		3B6814931646ED9700C911DF /* JZPlayer.m in Sources */ = {isa = PBXBuildFile; fileRef = 3B6814921646ED9700C911DF /* JZPlayer.m */; };
		3B6814961646EDDD00C911DF /* JZGame.m in Sources */ = {isa = PBXBuildFile; fileRef = 3B6814951646EDDD00C911DF /* JZGame.m */; };
		3B68149916471F9D00C911DF /* BloodSplatter.png in Resources */ = {isa = PBXBuildFile; fileRef = 3B68149816471F9D00C911DF /* BloodSplatter.png */; };
		3B68149B1647221200C911DF /* BloodSplatterClearedAfterPress.png in Resources */ = {isa = PBXBuildFile; fileRef = 3B68149A1647221200C911DF /* BloodSplatterClearedAfterPress.png */; };
		3B96903C16483BEE007D9606 /* Model.xcdatamodeld in Sources */ = {isa = PBXBuildFile; fileRef = 3B96903A16483BEE007D9606 /* Model.xcdatamodeld */; };
		3B96903E16485069007D9606 /* CoreData.framework in Frameworks */ = {isa = PBXBuildFile; fileRef = 3B96903D16485069007D9606 /* CoreData.framework */; };
		3B96904516487761007D9606 /* JZManagedObjectController.m in Sources */ = {isa = PBXBuildFile; fileRef = 3B96904416487761007D9606 /* JZManagedObjectController.m */; };
		3BD8D02914EA8D3C00319EEB /* appicon@2x.png in Resources */ = {isa = PBXBuildFile; fileRef = 3BD8D02814EA8D3C00319EEB /* appicon@2x.png */; };
		3BDA9CD4164992C4008E7459 /* RankingViewController.m in Sources */ = {isa = PBXBuildFile; fileRef = 3BDA9CD2164992C4008E7459 /* RankingViewController.m */; };
		3BDA9CD5164992C4008E7459 /* RankingViewController.xib in Resources */ = {isa = PBXBuildFile; fileRef = 3BDA9CD3164992C4008E7459 /* RankingViewController.xib */; };
		3BDA9CD81649B869008E7459 /* JZGamePlayers.m in Sources */ = {isa = PBXBuildFile; fileRef = 3BDA9CD71649B869008E7459 /* JZGamePlayers.m */; };
		3BDA9CDB164B0B78008E7459 /* JZRankTableCellCustomView.m in Sources */ = {isa = PBXBuildFile; fileRef = 3BDA9CDA164B0B78008E7459 /* JZRankTableCellCustomView.m */; };
		3BDA9CE3164BFE73008E7459 /* JZRadarViewController.m in Sources */ = {isa = PBXBuildFile; fileRef = 3BDA9CE1164BFE72008E7459 /* JZRadarViewController.m */; };
		3BDA9CE4164BFE73008E7459 /* JZRadarViewController.xib in Resources */ = {isa = PBXBuildFile; fileRef = 3BDA9CE2164BFE72008E7459 /* JZRadarViewController.xib */; };
		3BDA9CE7164BFE99008E7459 /* JZRadarView.m in Sources */ = {isa = PBXBuildFile; fileRef = 3BDA9CE6164BFE99008E7459 /* JZRadarView.m */; };
		3BDA9CF5164C6CD7008E7459 /* Default@2x.png in Resources */ = {isa = PBXBuildFile; fileRef = 3BDA9CF4164C6CD6008E7459 /* Default@2x.png */; };
		3BDA9CF7164C7C5C008E7459 /* DST-DarkFuture.mp3 in Resources */ = {isa = PBXBuildFile; fileRef = 3BDA9CF6164C7C5C008E7459 /* DST-DarkFuture.mp3 */; };
		3BDA9CF9164C8865008E7459 /* electric_door_opening_2.wav in Resources */ = {isa = PBXBuildFile; fileRef = 3BDA9CF8164C8865008E7459 /* electric_door_opening_2.wav */; };
		3BDA9D00164C9B49008E7459 /* scanner.mp3 in Resources */ = {isa = PBXBuildFile; fileRef = 3BDA9CFF164C9B49008E7459 /* scanner.mp3 */; };
		3BDA9D03164CA6F4008E7459 /* JZAudioManager.m in Sources */ = {isa = PBXBuildFile; fileRef = 3BDA9D02164CA6F3008E7459 /* JZAudioManager.m */; };
		3BE25FEE14E2AE6B008332DC /* libZXingWidget.a in Frameworks */ = {isa = PBXBuildFile; fileRef = 3BE25FE914E2AE27008332DC /* libZXingWidget.a */; };
		3BE7478914E2E8DE00EE9C42 /* JZJoinGame.mm in Sources */ = {isa = PBXBuildFile; fileRef = 3BE7478814E2E8DE00EE9C42 /* JZJoinGame.mm */; };
/* End PBXBuildFile section */

/* Begin PBXContainerItemProxy section */
		3BE25FE814E2AE27008332DC /* PBXContainerItemProxy */ = {
			isa = PBXContainerItemProxy;
			containerPortal = 3BE25FE014E2AE26008332DC /* ZXingWidget.xcodeproj */;
			proxyType = 2;
			remoteGlobalIDString = D2AAC07E0554694100DB518D;
			remoteInfo = ZXingWidget;
		};
		3BE25FEA14E2AE27008332DC /* PBXContainerItemProxy */ = {
			isa = PBXContainerItemProxy;
			containerPortal = 3BE25FE014E2AE26008332DC /* ZXingWidget.xcodeproj */;
			proxyType = 2;
			remoteGlobalIDString = 1D60398D13DF7CAD006F4B51;
			remoteInfo = ZXingTests;
		};
		3BE25FEC14E2AE63008332DC /* PBXContainerItemProxy */ = {
			isa = PBXContainerItemProxy;
			containerPortal = 3BE25FE014E2AE26008332DC /* ZXingWidget.xcodeproj */;
			proxyType = 1;
			remoteGlobalIDString = D2AAC07D0554694100DB518D;
			remoteInfo = ZXingWidget;
		};
/* End PBXContainerItemProxy section */

/* Begin PBXFileReference section */
		3B29D6DF14EEE7E50033A23F /* CoreLocation.framework */ = {isa = PBXFileReference; lastKnownFileType = wrapper.framework; name = CoreLocation.framework; path = System/Library/Frameworks/CoreLocation.framework; sourceTree = SDKROOT; };
		3B29D6E214EF31390033A23F /* JZLocationManager.h */ = {isa = PBXFileReference; fileEncoding = 4; lastKnownFileType = sourcecode.c.h; name = JZLocationManager.h; path = Classes/JZLocationManager.h; sourceTree = SOURCE_ROOT; };
		3B29D6E314EF31390033A23F /* JZLocationManager.m */ = {isa = PBXFileReference; fileEncoding = 4; lastKnownFileType = sourcecode.c.objc; name = JZLocationManager.m; path = Classes/JZLocationManager.m; sourceTree = SOURCE_ROOT; };
		3B29D6E814EFD0850033A23F /* JZGlobalResources.h */ = {isa = PBXFileReference; fileEncoding = 4; lastKnownFileType = sourcecode.c.h; name = JZGlobalResources.h; path = ../Classes/JZGlobalResources.h; sourceTree = "<group>"; };
		3B29D6E914EFD0850033A23F /* JZGlobalResources.m */ = {isa = PBXFileReference; fileEncoding = 4; lastKnownFileType = sourcecode.c.objc; name = JZGlobalResources.m; path = ../Classes/JZGlobalResources.m; sourceTree = "<group>"; };
		3B29D6EB14EFD1120033A23F /* JZTopHatConnect.h */ = {isa = PBXFileReference; fileEncoding = 4; lastKnownFileType = sourcecode.c.h; name = JZTopHatConnect.h; path = Classes/JZTopHatConnect.h; sourceTree = SOURCE_ROOT; };
		3B29D6EC14EFD1120033A23F /* JZTopHatConnect.m */ = {isa = PBXFileReference; fileEncoding = 4; lastKnownFileType = sourcecode.c.objc; name = JZTopHatConnect.m; path = Classes/JZTopHatConnect.m; sourceTree = SOURCE_ROOT; };
		3B29D71A14EFDAC80033A23F /* NSObject+SBJson.h */ = {isa = PBXFileReference; fileEncoding = 4; lastKnownFileType = sourcecode.c.h; path = "NSObject+SBJson.h"; sourceTree = "<group>"; };
		3B29D71B14EFDAC80033A23F /* NSObject+SBJson.m */ = {isa = PBXFileReference; fileEncoding = 4; lastKnownFileType = sourcecode.c.objc; path = "NSObject+SBJson.m"; sourceTree = "<group>"; };
		3B29D71C14EFDAC80033A23F /* SBJson.h */ = {isa = PBXFileReference; fileEncoding = 4; lastKnownFileType = sourcecode.c.h; path = SBJson.h; sourceTree = "<group>"; };
		3B29D71D14EFDAC80033A23F /* SBJsonParser.h */ = {isa = PBXFileReference; fileEncoding = 4; lastKnownFileType = sourcecode.c.h; path = SBJsonParser.h; sourceTree = "<group>"; };
		3B29D71E14EFDAC80033A23F /* SBJsonParser.m */ = {isa = PBXFileReference; fileEncoding = 4; lastKnownFileType = sourcecode.c.objc; path = SBJsonParser.m; sourceTree = "<group>"; };
		3B29D71F14EFDAC80033A23F /* SBJsonStreamParser.h */ = {isa = PBXFileReference; fileEncoding = 4; lastKnownFileType = sourcecode.c.h; path = SBJsonStreamParser.h; sourceTree = "<group>"; };
		3B29D72014EFDAC80033A23F /* SBJsonStreamParser.m */ = {isa = PBXFileReference; fileEncoding = 4; lastKnownFileType = sourcecode.c.objc; path = SBJsonStreamParser.m; sourceTree = "<group>"; };
		3B29D72114EFDAC80033A23F /* SBJsonStreamParserAccumulator.h */ = {isa = PBXFileReference; fileEncoding = 4; lastKnownFileType = sourcecode.c.h; path = SBJsonStreamParserAccumulator.h; sourceTree = "<group>"; };
		3B29D72214EFDAC80033A23F /* SBJsonStreamParserAccumulator.m */ = {isa = PBXFileReference; fileEncoding = 4; lastKnownFileType = sourcecode.c.objc; path = SBJsonStreamParserAccumulator.m; sourceTree = "<group>"; };
		3B29D72314EFDAC80033A23F /* SBJsonStreamParserAdapter.h */ = {isa = PBXFileReference; fileEncoding = 4; lastKnownFileType = sourcecode.c.h; path = SBJsonStreamParserAdapter.h; sourceTree = "<group>"; };
		3B29D72414EFDAC80033A23F /* SBJsonStreamParserAdapter.m */ = {isa = PBXFileReference; fileEncoding = 4; lastKnownFileType = sourcecode.c.objc; path = SBJsonStreamParserAdapter.m; sourceTree = "<group>"; };
		3B29D72514EFDAC80033A23F /* SBJsonStreamParserState.h */ = {isa = PBXFileReference; fileEncoding = 4; lastKnownFileType = sourcecode.c.h; path = SBJsonStreamParserState.h; sourceTree = "<group>"; };
		3B29D72614EFDAC80033A23F /* SBJsonStreamParserState.m */ = {isa = PBXFileReference; fileEncoding = 4; lastKnownFileType = sourcecode.c.objc; path = SBJsonStreamParserState.m; sourceTree = "<group>"; };
		3B29D72714EFDAC80033A23F /* SBJsonStreamWriter.h */ = {isa = PBXFileReference; fileEncoding = 4; lastKnownFileType = sourcecode.c.h; path = SBJsonStreamWriter.h; sourceTree = "<group>"; };
		3B29D72814EFDAC80033A23F /* SBJsonStreamWriter.m */ = {isa = PBXFileReference; fileEncoding = 4; lastKnownFileType = sourcecode.c.objc; path = SBJsonStreamWriter.m; sourceTree = "<group>"; };
		3B29D72914EFDAC80033A23F /* SBJsonStreamWriterAccumulator.h */ = {isa = PBXFileReference; fileEncoding = 4; lastKnownFileType = sourcecode.c.h; path = SBJsonStreamWriterAccumulator.h; sourceTree = "<group>"; };
		3B29D72A14EFDAC80033A23F /* SBJsonStreamWriterAccumulator.m */ = {isa = PBXFileReference; fileEncoding = 4; lastKnownFileType = sourcecode.c.objc; path = SBJsonStreamWriterAccumulator.m; sourceTree = "<group>"; };
		3B29D72B14EFDAC80033A23F /* SBJsonStreamWriterState.h */ = {isa = PBXFileReference; fileEncoding = 4; lastKnownFileType = sourcecode.c.h; path = SBJsonStreamWriterState.h; sourceTree = "<group>"; };
		3B29D72C14EFDAC80033A23F /* SBJsonStreamWriterState.m */ = {isa = PBXFileReference; fileEncoding = 4; lastKnownFileType = sourcecode.c.objc; path = SBJsonStreamWriterState.m; sourceTree = "<group>"; };
		3B29D72D14EFDAC80033A23F /* SBJsonTokeniser.h */ = {isa = PBXFileReference; fileEncoding = 4; lastKnownFileType = sourcecode.c.h; path = SBJsonTokeniser.h; sourceTree = "<group>"; };
		3B29D72E14EFDAC80033A23F /* SBJsonTokeniser.m */ = {isa = PBXFileReference; fileEncoding = 4; lastKnownFileType = sourcecode.c.objc; path = SBJsonTokeniser.m; sourceTree = "<group>"; };
		3B29D72F14EFDAC80033A23F /* SBJsonUTF8Stream.h */ = {isa = PBXFileReference; fileEncoding = 4; lastKnownFileType = sourcecode.c.h; path = SBJsonUTF8Stream.h; sourceTree = "<group>"; };
		3B29D73014EFDAC80033A23F /* SBJsonUTF8Stream.m */ = {isa = PBXFileReference; fileEncoding = 4; lastKnownFileType = sourcecode.c.objc; path = SBJsonUTF8Stream.m; sourceTree = "<group>"; };
		3B29D73114EFDAC80033A23F /* SBJsonWriter.h */ = {isa = PBXFileReference; fileEncoding = 4; lastKnownFileType = sourcecode.c.h; path = SBJsonWriter.h; sourceTree = "<group>"; };
		3B29D73214EFDAC80033A23F /* SBJsonWriter.m */ = {isa = PBXFileReference; fileEncoding = 4; lastKnownFileType = sourcecode.c.objc; path = SBJsonWriter.m; sourceTree = "<group>"; };
		3B48A92F14D5FDD800846AD6 /* QRZar.app */ = {isa = PBXFileReference; explicitFileType = wrapper.application; includeInIndex = 0; path = QRZar.app; sourceTree = BUILT_PRODUCTS_DIR; };
		3B48A93314D5FDD800846AD6 /* UIKit.framework */ = {isa = PBXFileReference; lastKnownFileType = wrapper.framework; name = UIKit.framework; path = System/Library/Frameworks/UIKit.framework; sourceTree = SDKROOT; };
		3B48A93514D5FDD800846AD6 /* Foundation.framework */ = {isa = PBXFileReference; lastKnownFileType = wrapper.framework; name = Foundation.framework; path = System/Library/Frameworks/Foundation.framework; sourceTree = SDKROOT; };
		3B48A93714D5FDD800846AD6 /* CoreGraphics.framework */ = {isa = PBXFileReference; lastKnownFileType = wrapper.framework; name = CoreGraphics.framework; path = System/Library/Frameworks/CoreGraphics.framework; sourceTree = SDKROOT; };
		3B48A93B14D5FDD800846AD6 /* QRZar-Info.plist */ = {isa = PBXFileReference; lastKnownFileType = text.plist.xml; path = "QRZar-Info.plist"; sourceTree = "<group>"; };
		3B48A93D14D5FDD800846AD6 /* en */ = {isa = PBXFileReference; lastKnownFileType = text.plist.strings; name = en; path = en.lproj/InfoPlist.strings; sourceTree = "<group>"; };
		3B48A93F14D5FDD800846AD6 /* main.m */ = {isa = PBXFileReference; lastKnownFileType = sourcecode.c.objc; name = main.m; path = ../main.m; sourceTree = "<group>"; };
		3B48A94114D5FDD800846AD6 /* QRZar-Prefix.pch */ = {isa = PBXFileReference; lastKnownFileType = sourcecode.c.h; path = "QRZar-Prefix.pch"; sourceTree = "<group>"; };
		3B48A94214D5FDD800846AD6 /* JZAppDelegate.h */ = {isa = PBXFileReference; lastKnownFileType = sourcecode.c.h; name = JZAppDelegate.h; path = ../Classes/JZAppDelegate.h; sourceTree = "<group>"; };
		3B48A94C14D5FF5000846AD6 /* JZJoinGame.h */ = {isa = PBXFileReference; fileEncoding = 4; lastKnownFileType = sourcecode.c.h; name = JZJoinGame.h; path = ../Classes/JZJoinGame.h; sourceTree = "<group>"; };
		3B48A94E14D5FF5000846AD6 /* JZJoinGame.xib */ = {isa = PBXFileReference; fileEncoding = 4; lastKnownFileType = file.xib; name = JZJoinGame.xib; path = ../xib/JZJoinGame.xib; sourceTree = "<group>"; };
		3B5766B914E2A80F00C4F15D /* AVFoundation.framework */ = {isa = PBXFileReference; lastKnownFileType = wrapper.framework; name = AVFoundation.framework; path = System/Library/Frameworks/AVFoundation.framework; sourceTree = SDKROOT; };
		3B5766BB14E2A81600C4F15D /* AudioToolbox.framework */ = {isa = PBXFileReference; lastKnownFileType = wrapper.framework; name = AudioToolbox.framework; path = System/Library/Frameworks/AudioToolbox.framework; sourceTree = SDKROOT; };
		3B5766BD14E2A82000C4F15D /* CoreVideo.framework */ = {isa = PBXFileReference; lastKnownFileType = wrapper.framework; name = CoreVideo.framework; path = System/Library/Frameworks/CoreVideo.framework; sourceTree = SDKROOT; };
		3B5766BF14E2A82900C4F15D /* CoreMedia.framework */ = {isa = PBXFileReference; lastKnownFileType = wrapper.framework; name = CoreMedia.framework; path = System/Library/Frameworks/CoreMedia.framework; sourceTree = SDKROOT; };
		3B5766C114E2A84800C4F15D /* libiconv.dylib */ = {isa = PBXFileReference; lastKnownFileType = "compiled.mach-o.dylib"; name = libiconv.dylib; path = usr/lib/libiconv.dylib; sourceTree = SDKROOT; };
		3B5766C314E2A85100C4F15D /* AddressBook.framework */ = {isa = PBXFileReference; lastKnownFileType = wrapper.framework; name = AddressBook.framework; path = System/Library/Frameworks/AddressBook.framework; sourceTree = SDKROOT; };
		3B5766C514E2A85400C4F15D /* AddressBookUI.framework */ = {isa = PBXFileReference; lastKnownFileType = wrapper.framework; name = AddressBookUI.framework; path = System/Library/Frameworks/AddressBookUI.framework; sourceTree = SDKROOT; };
		3B63BD2514E2EC0800D24E22 /* JZAppDelegate.mm */ = {isa = PBXFileReference; fileEncoding = 4; lastKnownFileType = sourcecode.cpp.objcpp; name = JZAppDelegate.mm; path = ../Classes/JZAppDelegate.mm; sourceTree = "<group>"; };
		3B6814701645A93200C911DF /* HUDMan@2x.png */ = {isa = PBXFileReference; lastKnownFileType = image.png; path = "HUDMan@2x.png"; sourceTree = "<group>"; };
		3B6814711645A93200C911DF /* HUDMessages@2x.png */ = {isa = PBXFileReference; lastKnownFileType = image.png; path = "HUDMessages@2x.png"; sourceTree = "<group>"; };
		3B6814721645A93200C911DF /* HUDRadar@2x.png */ = {isa = PBXFileReference; lastKnownFileType = image.png; path = "HUDRadar@2x.png"; sourceTree = "<group>"; };
		3B6814731645A93200C911DF /* LaunchBrightBackground.png */ = {isa = PBXFileReference; lastKnownFileType = image.png; path = LaunchBrightBackground.png; sourceTree = "<group>"; };
		3B6814741645A93200C911DF /* LaunchButton@2x.png */ = {isa = PBXFileReference; lastKnownFileType = image.png; path = "LaunchButton@2x.png"; sourceTree = "<group>"; };
		3B6814751645A93200C911DF /* LaunchDarkBackground@2x.png */ = {isa = PBXFileReference; lastKnownFileType = image.png; path = "LaunchDarkBackground@2x.png"; sourceTree = "<group>"; };
		3B6814761645A93200C911DF /* LaunchQRCode.png */ = {isa = PBXFileReference; lastKnownFileType = image.png; path = LaunchQRCode.png; sourceTree = "<group>"; };
		3B6814771645A93200C911DF /* LaunchTopSkin.png */ = {isa = PBXFileReference; lastKnownFileType = image.png; path = LaunchTopSkin.png; sourceTree = "<group>"; };
		3B6814781645A93200C911DF /* RanksTableFrame@2x.png */ = {isa = PBXFileReference; lastKnownFileType = image.png; path = "RanksTableFrame@2x.png"; sourceTree = "<group>"; };
		3B6814791645A93200C911DF /* SplashLogo.png */ = {isa = PBXFileReference; lastKnownFileType = image.png; path = SplashLogo.png; sourceTree = "<group>"; };
		3B68148616461CFD00C911DF /* HUDViewController.h */ = {isa = PBXFileReference; fileEncoding = 4; lastKnownFileType = sourcecode.c.h; path = HUDViewController.h; sourceTree = "<group>"; };
		3B68148716461CFD00C911DF /* HUDViewController.mm */ = {isa = PBXFileReference; fileEncoding = 4; lastKnownFileType = sourcecode.cpp.objcpp; path = HUDViewController.mm; sourceTree = "<group>"; };
		3B68148816461CFE00C911DF /* HUDViewController.xib */ = {isa = PBXFileReference; fileEncoding = 4; lastKnownFileType = file.xib; path = HUDViewController.xib; sourceTree = "<group>"; };
		3B68148C1646C88100C911DF /* 01-refresh@2x.png */ = {isa = PBXFileReference; lastKnownFileType = image.png; path = "01-refresh@2x.png"; sourceTree = "<group>"; };
		3B68148E1646ED2F00C911DF /* JZTeam.h */ = {isa = PBXFileReference; fileEncoding = 4; lastKnownFileType = sourcecode.c.h; path = JZTeam.h; sourceTree = "<group>"; };
		3B68148F1646ED2F00C911DF /* JZTeam.m */ = {isa = PBXFileReference; fileEncoding = 4; lastKnownFileType = sourcecode.c.objc; path = JZTeam.m; sourceTree = "<group>"; };
		3B6814911646ED9700C911DF /* JZPlayer.h */ = {isa = PBXFileReference; fileEncoding = 4; lastKnownFileType = sourcecode.c.h; path = JZPlayer.h; sourceTree = "<group>"; };
		3B6814921646ED9700C911DF /* JZPlayer.m */ = {isa = PBXFileReference; fileEncoding = 4; lastKnownFileType = sourcecode.c.objc; path = JZPlayer.m; sourceTree = "<group>"; };
		3B6814941646EDDD00C911DF /* JZGame.h */ = {isa = PBXFileReference; fileEncoding = 4; lastKnownFileType = sourcecode.c.h; path = JZGame.h; sourceTree = "<group>"; };
		3B6814951646EDDD00C911DF /* JZGame.m */ = {isa = PBXFileReference; fileEncoding = 4; lastKnownFileType = sourcecode.c.objc; path = JZGame.m; sourceTree = "<group>"; };
		3B68149816471F9D00C911DF /* BloodSplatter.png */ = {isa = PBXFileReference; lastKnownFileType = image.png; path = BloodSplatter.png; sourceTree = "<group>"; };
		3B68149A1647221200C911DF /* BloodSplatterClearedAfterPress.png */ = {isa = PBXFileReference; lastKnownFileType = image.png; path = BloodSplatterClearedAfterPress.png; sourceTree = "<group>"; };
		3B96903B16483BEE007D9606 /* Model.xcdatamodel */ = {isa = PBXFileReference; lastKnownFileType = wrapper.xcdatamodel; path = Model.xcdatamodel; sourceTree = "<group>"; };
		3B96903D16485069007D9606 /* CoreData.framework */ = {isa = PBXFileReference; lastKnownFileType = wrapper.framework; name = CoreData.framework; path = System/Library/Frameworks/CoreData.framework; sourceTree = SDKROOT; };
		3B96904316487761007D9606 /* JZManagedObjectController.h */ = {isa = PBXFileReference; fileEncoding = 4; lastKnownFileType = sourcecode.c.h; path = JZManagedObjectController.h; sourceTree = "<group>"; };
		3B96904416487761007D9606 /* JZManagedObjectController.m */ = {isa = PBXFileReference; fileEncoding = 4; lastKnownFileType = sourcecode.c.objc; path = JZManagedObjectController.m; sourceTree = "<group>"; };
		3BD8D02814EA8D3C00319EEB /* appicon@2x.png */ = {isa = PBXFileReference; lastKnownFileType = image.png; path = "appicon@2x.png"; sourceTree = "<group>"; };
		3BDA9CD1164992C4008E7459 /* RankingViewController.h */ = {isa = PBXFileReference; fileEncoding = 4; lastKnownFileType = sourcecode.c.h; path = RankingViewController.h; sourceTree = "<group>"; };
		3BDA9CD2164992C4008E7459 /* RankingViewController.m */ = {isa = PBXFileReference; fileEncoding = 4; lastKnownFileType = sourcecode.c.objc; path = RankingViewController.m; sourceTree = "<group>"; };
		3BDA9CD3164992C4008E7459 /* RankingViewController.xib */ = {isa = PBXFileReference; fileEncoding = 4; lastKnownFileType = file.xib; path = RankingViewController.xib; sourceTree = "<group>"; };
		3BDA9CD61649B869008E7459 /* JZGamePlayers.h */ = {isa = PBXFileReference; fileEncoding = 4; lastKnownFileType = sourcecode.c.h; path = JZGamePlayers.h; sourceTree = "<group>"; };
		3BDA9CD71649B869008E7459 /* JZGamePlayers.m */ = {isa = PBXFileReference; fileEncoding = 4; lastKnownFileType = sourcecode.c.objc; path = JZGamePlayers.m; sourceTree = "<group>"; };
		3BDA9CD9164B0B78008E7459 /* JZRankTableCellCustomView.h */ = {isa = PBXFileReference; fileEncoding = 4; lastKnownFileType = sourcecode.c.h; path = JZRankTableCellCustomView.h; sourceTree = "<group>"; };
		3BDA9CDA164B0B78008E7459 /* JZRankTableCellCustomView.m */ = {isa = PBXFileReference; fileEncoding = 4; lastKnownFileType = sourcecode.c.objc; path = JZRankTableCellCustomView.m; sourceTree = "<group>"; };
		3BDA9CE0164BFE72008E7459 /* JZRadarViewController.h */ = {isa = PBXFileReference; fileEncoding = 4; lastKnownFileType = sourcecode.c.h; path = JZRadarViewController.h; sourceTree = "<group>"; };
		3BDA9CE1164BFE72008E7459 /* JZRadarViewController.m */ = {isa = PBXFileReference; fileEncoding = 4; lastKnownFileType = sourcecode.c.objc; path = JZRadarViewController.m; sourceTree = "<group>"; };
		3BDA9CE2164BFE72008E7459 /* JZRadarViewController.xib */ = {isa = PBXFileReference; fileEncoding = 4; lastKnownFileType = file.xib; path = JZRadarViewController.xib; sourceTree = "<group>"; };
		3BDA9CE5164BFE99008E7459 /* JZRadarView.h */ = {isa = PBXFileReference; fileEncoding = 4; lastKnownFileType = sourcecode.c.h; path = JZRadarView.h; sourceTree = "<group>"; };
		3BDA9CE6164BFE99008E7459 /* JZRadarView.m */ = {isa = PBXFileReference; fileEncoding = 4; lastKnownFileType = sourcecode.c.objc; path = JZRadarView.m; sourceTree = "<group>"; };
		3BDA9CF4164C6CD6008E7459 /* Default@2x.png */ = {isa = PBXFileReference; lastKnownFileType = image.png; path = "Default@2x.png"; sourceTree = "<group>"; };
		3BDA9CF6164C7C5C008E7459 /* DST-DarkFuture.mp3 */ = {isa = PBXFileReference; lastKnownFileType = audio.mp3; path = "DST-DarkFuture.mp3"; sourceTree = "<group>"; };
		3BDA9CF8164C8865008E7459 /* electric_door_opening_2.wav */ = {isa = PBXFileReference; lastKnownFileType = audio.wav; path = electric_door_opening_2.wav; sourceTree = "<group>"; };
		3BDA9CFF164C9B49008E7459 /* scanner.mp3 */ = {isa = PBXFileReference; lastKnownFileType = audio.mp3; path = scanner.mp3; sourceTree = "<group>"; };
		3BDA9D01164CA6F3008E7459 /* JZAudioManager.h */ = {isa = PBXFileReference; fileEncoding = 4; lastKnownFileType = sourcecode.c.h; path = JZAudioManager.h; sourceTree = "<group>"; };
		3BDA9D02164CA6F3008E7459 /* JZAudioManager.m */ = {isa = PBXFileReference; fileEncoding = 4; lastKnownFileType = sourcecode.c.objc; path = JZAudioManager.m; sourceTree = "<group>"; };
		3BE25FE014E2AE26008332DC /* ZXingWidget.xcodeproj */ = {isa = PBXFileReference; lastKnownFileType = "wrapper.pb-project"; name = ZXingWidget.xcodeproj; path = "zxing-2.0/iphone/ZXingWidget/ZXingWidget.xcodeproj"; sourceTree = "<group>"; };
		3BE7478814E2E8DE00EE9C42 /* JZJoinGame.mm */ = {isa = PBXFileReference; fileEncoding = 4; lastKnownFileType = sourcecode.cpp.objcpp; name = JZJoinGame.mm; path = ../Classes/JZJoinGame.mm; sourceTree = "<group>"; };
/* End PBXFileReference section */

/* Begin PBXFrameworksBuildPhase section */
		3B48A92C14D5FDD800846AD6 /* Frameworks */ = {
			isa = PBXFrameworksBuildPhase;
			buildActionMask = 2147483647;
			files = (
				3B96903E16485069007D9606 /* CoreData.framework in Frameworks */,
				3B29D6E014EEE7E50033A23F /* CoreLocation.framework in Frameworks */,
				3BE25FEE14E2AE6B008332DC /* libZXingWidget.a in Frameworks */,
				3B5766C614E2A85400C4F15D /* AddressBookUI.framework in Frameworks */,
				3B5766C414E2A85100C4F15D /* AddressBook.framework in Frameworks */,
				3B5766C214E2A84800C4F15D /* libiconv.dylib in Frameworks */,
				3B5766C014E2A82900C4F15D /* CoreMedia.framework in Frameworks */,
				3B5766BE14E2A82000C4F15D /* CoreVideo.framework in Frameworks */,
				3B5766BC14E2A81600C4F15D /* AudioToolbox.framework in Frameworks */,
				3B5766BA14E2A80F00C4F15D /* AVFoundation.framework in Frameworks */,
				3B48A93414D5FDD800846AD6 /* UIKit.framework in Frameworks */,
				3B48A93614D5FDD800846AD6 /* Foundation.framework in Frameworks */,
				3B48A93814D5FDD800846AD6 /* CoreGraphics.framework in Frameworks */,
			);
			runOnlyForDeploymentPostprocessing = 0;
		};
/* End PBXFrameworksBuildPhase section */

/* Begin PBXGroup section */
		3B29D6EE14EFD1260033A23F /* Global Resources */ = {
			isa = PBXGroup;
			children = (
				3BDA9D01164CA6F3008E7459 /* JZAudioManager.h */,
				3BDA9D02164CA6F3008E7459 /* JZAudioManager.m */,
				3B29D6E814EFD0850033A23F /* JZGlobalResources.h */,
				3B29D6E914EFD0850033A23F /* JZGlobalResources.m */,
				3B96904316487761007D9606 /* JZManagedObjectController.h */,
				3B96904416487761007D9606 /* JZManagedObjectController.m */,
				3B29D6E214EF31390033A23F /* JZLocationManager.h */,
				3B29D6E314EF31390033A23F /* JZLocationManager.m */,
				3B29D6EB14EFD1120033A23F /* JZTopHatConnect.h */,
				3B29D6EC14EFD1120033A23F /* JZTopHatConnect.m */,
			);
			name = "Global Resources";
			sourceTree = "<group>";
		};
		3B29D6EF14EFD15A0033A23F /* Open Screen */ = {
			isa = PBXGroup;
			children = (
				3B48A94C14D5FF5000846AD6 /* JZJoinGame.h */,
				3BE7478814E2E8DE00EE9C42 /* JZJoinGame.mm */,
				3B48A94E14D5FF5000846AD6 /* JZJoinGame.xib */,
			);
			name = "Open Screen";
			sourceTree = "<group>";
		};
		3B29D71914EFDAC80033A23F /* JSON */ = {
			isa = PBXGroup;
			children = (
				3B29D71A14EFDAC80033A23F /* NSObject+SBJson.h */,
				3B29D71B14EFDAC80033A23F /* NSObject+SBJson.m */,
				3B29D71C14EFDAC80033A23F /* SBJson.h */,
				3B29D71D14EFDAC80033A23F /* SBJsonParser.h */,
				3B29D71E14EFDAC80033A23F /* SBJsonParser.m */,
				3B29D71F14EFDAC80033A23F /* SBJsonStreamParser.h */,
				3B29D72014EFDAC80033A23F /* SBJsonStreamParser.m */,
				3B29D72114EFDAC80033A23F /* SBJsonStreamParserAccumulator.h */,
				3B29D72214EFDAC80033A23F /* SBJsonStreamParserAccumulator.m */,
				3B29D72314EFDAC80033A23F /* SBJsonStreamParserAdapter.h */,
				3B29D72414EFDAC80033A23F /* SBJsonStreamParserAdapter.m */,
				3B29D72514EFDAC80033A23F /* SBJsonStreamParserState.h */,
				3B29D72614EFDAC80033A23F /* SBJsonStreamParserState.m */,
				3B29D72714EFDAC80033A23F /* SBJsonStreamWriter.h */,
				3B29D72814EFDAC80033A23F /* SBJsonStreamWriter.m */,
				3B29D72914EFDAC80033A23F /* SBJsonStreamWriterAccumulator.h */,
				3B29D72A14EFDAC80033A23F /* SBJsonStreamWriterAccumulator.m */,
				3B29D72B14EFDAC80033A23F /* SBJsonStreamWriterState.h */,
				3B29D72C14EFDAC80033A23F /* SBJsonStreamWriterState.m */,
				3B29D72D14EFDAC80033A23F /* SBJsonTokeniser.h */,
				3B29D72E14EFDAC80033A23F /* SBJsonTokeniser.m */,
				3B29D72F14EFDAC80033A23F /* SBJsonUTF8Stream.h */,
				3B29D73014EFDAC80033A23F /* SBJsonUTF8Stream.m */,
				3B29D73114EFDAC80033A23F /* SBJsonWriter.h */,
				3B29D73214EFDAC80033A23F /* SBJsonWriter.m */,
			);
			name = JSON;
			path = Classes/JSON;
			sourceTree = SOURCE_ROOT;
		};
		3B48A92414D5FDD800846AD6 = {
			isa = PBXGroup;
			children = (
				3BDA9CF4164C6CD6008E7459 /* Default@2x.png */,
				3B48A93914D5FDD800846AD6 /* Classes */,
				3B71B84414E29EA500C3EFE8 /* Resources */,
				3B71B86D14E2A05000C3EFE8 /* Dependancies */,
				3B48A93214D5FDD800846AD6 /* Frameworks */,
				3B48A93A14D5FDD800846AD6 /* Supporting Files */,
				3B48A93014D5FDD800846AD6 /* Products */,
			);
			sourceTree = "<group>";
		};
		3B48A93014D5FDD800846AD6 /* Products */ = {
			isa = PBXGroup;
			children = (
				3B48A92F14D5FDD800846AD6 /* QRZar.app */,
			);
			name = Products;
			sourceTree = "<group>";
		};
		3B48A93214D5FDD800846AD6 /* Frameworks */ = {
			isa = PBXGroup;
			children = (
				3B96903D16485069007D9606 /* CoreData.framework */,
				3B29D6DF14EEE7E50033A23F /* CoreLocation.framework */,
				3B5766C514E2A85400C4F15D /* AddressBookUI.framework */,
				3B5766C314E2A85100C4F15D /* AddressBook.framework */,
				3B5766C114E2A84800C4F15D /* libiconv.dylib */,
				3B5766BF14E2A82900C4F15D /* CoreMedia.framework */,
				3B5766BD14E2A82000C4F15D /* CoreVideo.framework */,
				3B5766BB14E2A81600C4F15D /* AudioToolbox.framework */,
				3B5766B914E2A80F00C4F15D /* AVFoundation.framework */,
				3B48A93314D5FDD800846AD6 /* UIKit.framework */,
				3B48A93514D5FDD800846AD6 /* Foundation.framework */,
				3B48A93714D5FDD800846AD6 /* CoreGraphics.framework */,
			);
			name = Frameworks;
			sourceTree = "<group>";
		};
		3B48A93914D5FDD800846AD6 /* Classes */ = {
			isa = PBXGroup;
			children = (
				3B48A94214D5FDD800846AD6 /* JZAppDelegate.h */,
				3B63BD2514E2EC0800D24E22 /* JZAppDelegate.mm */,
				3B68148B16461D0300C911DF /* HUD */,
				3B29D6EF14EFD15A0033A23F /* Open Screen */,
				3B68149716471B6800C911DF /* Player Object */,
				3B29D71914EFDAC80033A23F /* JSON */,
				3B29D6EE14EFD1260033A23F /* Global Resources */,
			);
			name = Classes;
			path = QRZar;
			sourceTree = "<group>";
		};
		3B48A93A14D5FDD800846AD6 /* Supporting Files */ = {
			isa = PBXGroup;
			children = (
				3B48A93B14D5FDD800846AD6 /* QRZar-Info.plist */,
				3B48A93C14D5FDD800846AD6 /* InfoPlist.strings */,
				3B48A93F14D5FDD800846AD6 /* main.m */,
				3B48A94114D5FDD800846AD6 /* QRZar-Prefix.pch */,
			);
			name = "Supporting Files";
			path = QRZar;
			sourceTree = "<group>";
		};
		3B68148B16461D0300C911DF /* HUD */ = {
			isa = PBXGroup;
			children = (
				3BDA9CD1164992C4008E7459 /* RankingViewController.h */,
				3BDA9CD2164992C4008E7459 /* RankingViewController.m */,
				3BDA9CD3164992C4008E7459 /* RankingViewController.xib */,
				3BDA9CE0164BFE72008E7459 /* JZRadarViewController.h */,
				3BDA9CE1164BFE72008E7459 /* JZRadarViewController.m */,
				3BDA9CE2164BFE72008E7459 /* JZRadarViewController.xib */,
				3BDA9CE5164BFE99008E7459 /* JZRadarView.h */,
				3BDA9CE6164BFE99008E7459 /* JZRadarView.m */,
				3BDA9CD9164B0B78008E7459 /* JZRankTableCellCustomView.h */,
				3BDA9CDA164B0B78008E7459 /* JZRankTableCellCustomView.m */,
				3B68148616461CFD00C911DF /* HUDViewController.h */,
				3B68148716461CFD00C911DF /* HUDViewController.mm */,
				3B68148816461CFE00C911DF /* HUDViewController.xib */,
			);
			name = HUD;
			sourceTree = "<group>";
		};
		3B68149716471B6800C911DF /* Player Object */ = {
			isa = PBXGroup;
			children = (
				3B6814911646ED9700C911DF /* JZPlayer.h */,
				3B6814921646ED9700C911DF /* JZPlayer.m */,
				3B6814941646EDDD00C911DF /* JZGame.h */,
				3B6814951646EDDD00C911DF /* JZGame.m */,
				3BDA9CD61649B869008E7459 /* JZGamePlayers.h */,
				3BDA9CD71649B869008E7459 /* JZGamePlayers.m */,
				3B68148E1646ED2F00C911DF /* JZTeam.h */,
				3B68148F1646ED2F00C911DF /* JZTeam.m */,
			);
			name = "Player Object";
			sourceTree = "<group>";
		};
		3B71B84414E29EA500C3EFE8 /* Resources */ = {
			isa = PBXGroup;
			children = (
				3B96903A16483BEE007D9606 /* Model.xcdatamodeld */,
				3BDA9CFA164C886D008E7459 /* Sounds */,
				3BDA36A014E54F3B00944B4D /* Images */,
			);
			name = Resources;
			sourceTree = "<group>";
		};
		3B71B86D14E2A05000C3EFE8 /* Dependancies */ = {
			isa = PBXGroup;
			children = (
				3BE25FE014E2AE26008332DC /* ZXingWidget.xcodeproj */,
			);
			name = Dependancies;
			sourceTree = "<group>";
		};
		3BDA36A014E54F3B00944B4D /* Images */ = {
			isa = PBXGroup;
			children = (
				3B68149816471F9D00C911DF /* BloodSplatter.png */,
				3B68149A1647221200C911DF /* BloodSplatterClearedAfterPress.png */,
				3BD8D02814EA8D3C00319EEB /* appicon@2x.png */,
				3B6814701645A93200C911DF /* HUDMan@2x.png */,
				3B68148C1646C88100C911DF /* 01-refresh@2x.png */,
				3B6814711645A93200C911DF /* HUDMessages@2x.png */,
				3B6814721645A93200C911DF /* HUDRadar@2x.png */,
				3B6814731645A93200C911DF /* LaunchBrightBackground.png */,
				3B6814741645A93200C911DF /* LaunchButton@2x.png */,
				3B6814751645A93200C911DF /* LaunchDarkBackground@2x.png */,
				3B6814761645A93200C911DF /* LaunchQRCode.png */,
				3B6814771645A93200C911DF /* LaunchTopSkin.png */,
				3B6814781645A93200C911DF /* RanksTableFrame@2x.png */,
				3B6814791645A93200C911DF /* SplashLogo.png */,
			);
			name = Images;
			sourceTree = "<group>";
		};
		3BDA9CFA164C886D008E7459 /* Sounds */ = {
			isa = PBXGroup;
			children = (
				3BDA9CFF164C9B49008E7459 /* scanner.mp3 */,
				3BDA9CF8164C8865008E7459 /* electric_door_opening_2.wav */,
				3BDA9CF6164C7C5C008E7459 /* DST-DarkFuture.mp3 */,
			);
			name = Sounds;
			sourceTree = "<group>";
		};
		3BE25FE114E2AE26008332DC /* Products */ = {
			isa = PBXGroup;
			children = (
				3BE25FE914E2AE27008332DC /* libZXingWidget.a */,
				3BE25FEB14E2AE27008332DC /* ZXingTests.octest */,
			);
			name = Products;
			sourceTree = "<group>";
		};
/* End PBXGroup section */

/* Begin PBXNativeTarget section */
		3B48A92E14D5FDD800846AD6 /* QRZar */ = {
			isa = PBXNativeTarget;
			buildConfigurationList = 3B48A94714D5FDD800846AD6 /* Build configuration list for PBXNativeTarget "QRZar" */;
			buildPhases = (
				3B48A92B14D5FDD800846AD6 /* Sources */,
				3B48A92C14D5FDD800846AD6 /* Frameworks */,
				3B48A92D14D5FDD800846AD6 /* Resources */,
			);
			buildRules = (
			);
			dependencies = (
				3BE25FED14E2AE63008332DC /* PBXTargetDependency */,
			);
			name = QRZar;
			productName = QRZar;
			productReference = 3B48A92F14D5FDD800846AD6 /* QRZar.app */;
			productType = "com.apple.product-type.application";
		};
/* End PBXNativeTarget section */

/* Begin PBXProject section */
		3B48A92614D5FDD800846AD6 /* Project object */ = {
			isa = PBXProject;
			attributes = {
				LastUpgradeCheck = 0420;
			};
			buildConfigurationList = 3B48A92914D5FDD800846AD6 /* Build configuration list for PBXProject "QRZar" */;
			compatibilityVersion = "Xcode 3.2";
			developmentRegion = English;
			hasScannedForEncodings = 0;
			knownRegions = (
				en,
			);
			mainGroup = 3B48A92414D5FDD800846AD6;
			productRefGroup = 3B48A93014D5FDD800846AD6 /* Products */;
			projectDirPath = "";
			projectReferences = (
				{
					ProductGroup = 3BE25FE114E2AE26008332DC /* Products */;
					ProjectRef = 3BE25FE014E2AE26008332DC /* ZXingWidget.xcodeproj */;
				},
			);
			projectRoot = "";
			targets = (
				3B48A92E14D5FDD800846AD6 /* QRZar */,
			);
		};
/* End PBXProject section */

/* Begin PBXReferenceProxy section */
		3BE25FE914E2AE27008332DC /* libZXingWidget.a */ = {
			isa = PBXReferenceProxy;
			fileType = archive.ar;
			path = libZXingWidget.a;
			remoteRef = 3BE25FE814E2AE27008332DC /* PBXContainerItemProxy */;
			sourceTree = BUILT_PRODUCTS_DIR;
		};
		3BE25FEB14E2AE27008332DC /* ZXingTests.octest */ = {
			isa = PBXReferenceProxy;
			fileType = wrapper.cfbundle;
			path = ZXingTests.octest;
			remoteRef = 3BE25FEA14E2AE27008332DC /* PBXContainerItemProxy */;
			sourceTree = BUILT_PRODUCTS_DIR;
		};
/* End PBXReferenceProxy section */

/* Begin PBXResourcesBuildPhase section */
		3B48A92D14D5FDD800846AD6 /* Resources */ = {
			isa = PBXResourcesBuildPhase;
			buildActionMask = 2147483647;
			files = (
				3B48A93E14D5FDD800846AD6 /* InfoPlist.strings in Resources */,
				3B48A95014D5FF5000846AD6 /* JZJoinGame.xib in Resources */,
				3BD8D02914EA8D3C00319EEB /* appicon@2x.png in Resources */,
				3B68147A1645A93200C911DF /* HUDMan@2x.png in Resources */,
				3B68147B1645A93200C911DF /* HUDMessages@2x.png in Resources */,
				3B68147C1645A93200C911DF /* HUDRadar@2x.png in Resources */,
				3B68147D1645A93200C911DF /* LaunchBrightBackground.png in Resources */,
				3B68147E1645A93200C911DF /* LaunchButton@2x.png in Resources */,
				3B68147F1645A93200C911DF /* LaunchDarkBackground@2x.png in Resources */,
				3B6814801645A93200C911DF /* LaunchQRCode.png in Resources */,
				3B6814811645A93200C911DF /* LaunchTopSkin.png in Resources */,
				3B6814821645A93200C911DF /* RanksTableFrame@2x.png in Resources */,
				3B6814831645A93200C911DF /* SplashLogo.png in Resources */,
				3B68148A16461CFE00C911DF /* HUDViewController.xib in Resources */,
				3B68148D1646C88100C911DF /* 01-refresh@2x.png in Resources */,
				3B68149916471F9D00C911DF /* BloodSplatter.png in Resources */,
				3B68149B1647221200C911DF /* BloodSplatterClearedAfterPress.png in Resources */,
				3BDA9CD5164992C4008E7459 /* RankingViewController.xib in Resources */,
				3BDA9CE4164BFE73008E7459 /* JZRadarViewController.xib in Resources */,
				3BDA9CF5164C6CD7008E7459 /* Default@2x.png in Resources */,
				3BDA9CF7164C7C5C008E7459 /* DST-DarkFuture.mp3 in Resources */,
				3BDA9CF9164C8865008E7459 /* electric_door_opening_2.wav in Resources */,
				3BDA9D00164C9B49008E7459 /* scanner.mp3 in Resources */,
			);
			runOnlyForDeploymentPostprocessing = 0;
		};
/* End PBXResourcesBuildPhase section */

/* Begin PBXSourcesBuildPhase section */
		3B48A92B14D5FDD800846AD6 /* Sources */ = {
			isa = PBXSourcesBuildPhase;
			buildActionMask = 2147483647;
			files = (
				3B48A94014D5FDD800846AD6 /* main.m in Sources */,
				3BE7478914E2E8DE00EE9C42 /* JZJoinGame.mm in Sources */,
				3B63BD2614E2EC0800D24E22 /* JZAppDelegate.mm in Sources */,
				3B29D6E414EF31390033A23F /* JZLocationManager.m in Sources */,
				3B29D6EA14EFD0850033A23F /* JZGlobalResources.m in Sources */,
				3B29D6ED14EFD1120033A23F /* JZTopHatConnect.m in Sources */,
				3B29D73314EFDAC80033A23F /* NSObject+SBJson.m in Sources */,
				3B29D73414EFDAC80033A23F /* SBJsonParser.m in Sources */,
				3B29D73514EFDAC80033A23F /* SBJsonStreamParser.m in Sources */,
				3B29D73614EFDAC80033A23F /* SBJsonStreamParserAccumulator.m in Sources */,
				3B29D73714EFDAC80033A23F /* SBJsonStreamParserAdapter.m in Sources */,
				3B29D73814EFDAC80033A23F /* SBJsonStreamParserState.m in Sources */,
				3B29D73914EFDAC80033A23F /* SBJsonStreamWriter.m in Sources */,
				3B29D73A14EFDAC80033A23F /* SBJsonStreamWriterAccumulator.m in Sources */,
				3B29D73B14EFDAC80033A23F /* SBJsonStreamWriterState.m in Sources */,
				3B29D73C14EFDAC80033A23F /* SBJsonTokeniser.m in Sources */,
				3B29D73D14EFDAC80033A23F /* SBJsonUTF8Stream.m in Sources */,
				3B29D73E14EFDAC80033A23F /* SBJsonWriter.m in Sources */,
				3B68148916461CFE00C911DF /* HUDViewController.mm in Sources */,
				3B6814901646ED2F00C911DF /* JZTeam.m in Sources */,
				3B6814931646ED9700C911DF /* JZPlayer.m in Sources */,
				3B6814961646EDDD00C911DF /* JZGame.m in Sources */,
				3B96903C16483BEE007D9606 /* Model.xcdatamodeld in Sources */,
				3B96904516487761007D9606 /* JZManagedObjectController.m in Sources */,
				3BDA9CD4164992C4008E7459 /* RankingViewController.m in Sources */,
				3BDA9CD81649B869008E7459 /* JZGamePlayers.m in Sources */,
				3BDA9CDB164B0B78008E7459 /* JZRankTableCellCustomView.m in Sources */,
				3BDA9CE3164BFE73008E7459 /* JZRadarViewController.m in Sources */,
				3BDA9CE7164BFE99008E7459 /* JZRadarView.m in Sources */,
				3BDA9D03164CA6F4008E7459 /* JZAudioManager.m in Sources */,
			);
			runOnlyForDeploymentPostprocessing = 0;
		};
/* End PBXSourcesBuildPhase section */

/* Begin PBXTargetDependency section */
		3BE25FED14E2AE63008332DC /* PBXTargetDependency */ = {
			isa = PBXTargetDependency;
			name = ZXingWidget;
			targetProxy = 3BE25FEC14E2AE63008332DC /* PBXContainerItemProxy */;
		};
/* End PBXTargetDependency section */

/* Begin PBXVariantGroup section */
		3B48A93C14D5FDD800846AD6 /* InfoPlist.strings */ = {
			isa = PBXVariantGroup;
			children = (
				3B48A93D14D5FDD800846AD6 /* en */,
			);
			name = InfoPlist.strings;
			path = ..;
			sourceTree = "<group>";
		};
/* End PBXVariantGroup section */

/* Begin XCBuildConfiguration section */
		3B48A94514D5FDD800846AD6 /* Debug */ = {
			isa = XCBuildConfiguration;
			buildSettings = {
				ALWAYS_SEARCH_USER_PATHS = NO;
				ARCHS = "$(ARCHS_STANDARD_32_BIT)";
				CLANG_ENABLE_OBJC_ARC = YES;
				"CODE_SIGN_IDENTITY[sdk=iphoneos*]" = "iPhone Developer";
				COPY_PHASE_STRIP = NO;
				GCC_C_LANGUAGE_STANDARD = gnu99;
				GCC_DYNAMIC_NO_PIC = NO;
				GCC_OPTIMIZATION_LEVEL = 0;
				GCC_PREPROCESSOR_DEFINITIONS = (
					"DEBUG=1",
					"$(inherited)",
				);
				GCC_SYMBOLS_PRIVATE_EXTERN = NO;
				GCC_VERSION = com.apple.compilers.llvm.clang.1_0;
				GCC_WARN_ABOUT_MISSING_PROTOTYPES = YES;
				GCC_WARN_ABOUT_RETURN_TYPE = YES;
				GCC_WARN_UNUSED_VARIABLE = YES;
				IPHONEOS_DEPLOYMENT_TARGET = 5.0;
				SDKROOT = iphoneos;
			};
			name = Debug;
		};
		3B48A94614D5FDD800846AD6 /* Release */ = {
			isa = XCBuildConfiguration;
			buildSettings = {
				ALWAYS_SEARCH_USER_PATHS = NO;
				ARCHS = "$(ARCHS_STANDARD_32_BIT)";
				CLANG_ENABLE_OBJC_ARC = YES;
				"CODE_SIGN_IDENTITY[sdk=iphoneos*]" = "iPhone Developer";
				COPY_PHASE_STRIP = YES;
				GCC_C_LANGUAGE_STANDARD = gnu99;
				GCC_VERSION = com.apple.compilers.llvm.clang.1_0;
				GCC_WARN_ABOUT_MISSING_PROTOTYPES = YES;
				GCC_WARN_ABOUT_RETURN_TYPE = YES;
				GCC_WARN_UNUSED_VARIABLE = YES;
				IPHONEOS_DEPLOYMENT_TARGET = 5.0;
				OTHER_CFLAGS = "-DNS_BLOCK_ASSERTIONS=1";
				SDKROOT = iphoneos;
				VALIDATE_PRODUCT = YES;
			};
			name = Release;
		};
		3B48A94814D5FDD800846AD6 /* Debug */ = {
			isa = XCBuildConfiguration;
			buildSettings = {
				GCC_PRECOMPILE_PREFIX_HEADER = YES;
				GCC_PREFIX_HEADER = "QRZar/QRZar-Prefix.pch";
				HEADER_SEARCH_PATHS = (
					"zxing-2.0/iphone/ZXingWidget/Classes/**",
					"zxing-2.0/cpp/core/src/",
				);
				INFOPLIST_FILE = "QRZar/QRZar-Info.plist";
				PRODUCT_NAME = "$(TARGET_NAME)";
				"PUBLIC_HEADERS_FOLDER_PATH[sdk=*]" = "$(CONTENTS_FOLDER_PATH)/Headers";
				USER_HEADER_SEARCH_PATHS = "zxing-2.0/iphone/ZXingWidget/Classes/** zxing-2.0/cpp/core/src/";
				WRAPPER_EXTENSION = app;
			};
			name = Debug;
		};
		3B48A94914D5FDD800846AD6 /* Release */ = {
			isa = XCBuildConfiguration;
			buildSettings = {
				GCC_PRECOMPILE_PREFIX_HEADER = YES;
				GCC_PREFIX_HEADER = "QRZar/QRZar-Prefix.pch";
				HEADER_SEARCH_PATHS = (
					"zxing-2.0/iphone/ZXingWidget/Classes/**",
					"zxing-2.0/cpp/core/src/",
				);
				INFOPLIST_FILE = "QRZar/QRZar-Info.plist";
				PRODUCT_NAME = "$(TARGET_NAME)";
				PUBLIC_HEADERS_FOLDER_PATH = "$(CONTENTS_FOLDER_PATH)/Headers";
				USER_HEADER_SEARCH_PATHS = "zxing-2.0/iphone/ZXingWidget/Classes/** zxing-2.0/cpp/core/src/";
				WRAPPER_EXTENSION = app;
			};
			name = Release;
		};
/* End XCBuildConfiguration section */

/* Begin XCConfigurationList section */
		3B48A92914D5FDD800846AD6 /* Build configuration list for PBXProject "QRZar" */ = {
			isa = XCConfigurationList;
			buildConfigurations = (
				3B48A94514D5FDD800846AD6 /* Debug */,
				3B48A94614D5FDD800846AD6 /* Release */,
			);
			defaultConfigurationIsVisible = 0;
			defaultConfigurationName = Release;
		};
		3B48A94714D5FDD800846AD6 /* Build configuration list for PBXNativeTarget "QRZar" */ = {
			isa = XCConfigurationList;
			buildConfigurations = (
				3B48A94814D5FDD800846AD6 /* Debug */,
				3B48A94914D5FDD800846AD6 /* Release */,
			);
			defaultConfigurationIsVisible = 0;
			defaultConfigurationName = Release;
		};
/* End XCConfigurationList section */

/* Begin XCVersionGroup section */
		3B96903A16483BEE007D9606 /* Model.xcdatamodeld */ = {
			isa = XCVersionGroup;
			children = (
				3B96903B16483BEE007D9606 /* Model.xcdatamodel */,
			);
			currentVersion = 3B96903B16483BEE007D9606 /* Model.xcdatamodel */;
			name = Model.xcdatamodeld;
			path = QRZar/Model.xcdatamodeld;
			sourceTree = "<group>";
			versionGroupType = wrapper.xcdatamodel;
		};
/* End XCVersionGroup section */
	};
	rootObject = 3B48A92614D5FDD800846AD6 /* Project object */;
}
