// !$*UTF8*$!
{
	archiveVersion = 1;
	classes = {
	};
	objectVersion = 46;
	objects = {

/* Begin PBXBuildFile section */
		3B48A93414D5FDD800846AD6 /* UIKit.framework in Frameworks */ = {isa = PBXBuildFile; fileRef = 3B48A93314D5FDD800846AD6 /* UIKit.framework */; };
		3B48A93614D5FDD800846AD6 /* Foundation.framework in Frameworks */ = {isa = PBXBuildFile; fileRef = 3B48A93514D5FDD800846AD6 /* Foundation.framework */; };
		3B48A93814D5FDD800846AD6 /* CoreGraphics.framework in Frameworks */ = {isa = PBXBuildFile; fileRef = 3B48A93714D5FDD800846AD6 /* CoreGraphics.framework */; };
		3B48A93E14D5FDD800846AD6 /* InfoPlist.strings in Resources */ = {isa = PBXBuildFile; fileRef = 3B48A93C14D5FDD800846AD6 /* InfoPlist.strings */; };
		3B48A94014D5FDD800846AD6 /* main.m in Sources */ = {isa = PBXBuildFile; fileRef = 3B48A93F14D5FDD800846AD6 /* main.m */; };
		3B48A94414D5FDD800846AD6 /* JZAppDelegate.m in Sources */ = {isa = PBXBuildFile; fileRef = 3B48A94314D5FDD800846AD6 /* JZAppDelegate.m */; };
/* End PBXBuildFile section */

/* Begin PBXFileReference section */
		3B48A92F14D5FDD800846AD6 /* QRZar.app */ = {isa = PBXFileReference; explicitFileType = wrapper.application; includeInIndex = 0; path = QRZar.app; sourceTree = BUILT_PRODUCTS_DIR; };
		3B48A93314D5FDD800846AD6 /* UIKit.framework */ = {isa = PBXFileReference; lastKnownFileType = wrapper.framework; name = UIKit.framework; path = System/Library/Frameworks/UIKit.framework; sourceTree = SDKROOT; };
		3B48A93514D5FDD800846AD6 /* Foundation.framework */ = {isa = PBXFileReference; lastKnownFileType = wrapper.framework; name = Foundation.framework; path = System/Library/Frameworks/Foundation.framework; sourceTree = SDKROOT; };
		3B48A93714D5FDD800846AD6 /* CoreGraphics.framework */ = {isa = PBXFileReference; lastKnownFileType = wrapper.framework; name = CoreGraphics.framework; path = System/Library/Frameworks/CoreGraphics.framework; sourceTree = SDKROOT; };
		3B48A93B14D5FDD800846AD6 /* QRZar-Info.plist */ = {isa = PBXFileReference; path = "QRZar-Info.plist"; sourceTree = "<group>"; };
		3B48A93D14D5FDD800846AD6 /* en */ = {isa = PBXFileReference; lastKnownFileType = text.plist.strings; name = en; path = en.lproj/InfoPlist.strings; sourceTree = "<group>"; };
		3B48A93F14D5FDD800846AD6 /* main.m */ = {isa = PBXFileReference; lastKnownFileType = sourcecode.c.objc; path = main.m; sourceTree = "<group>"; };
		3B48A94114D5FDD800846AD6 /* QRZar-Prefix.pch */ = {isa = PBXFileReference; path = "QRZar-Prefix.pch"; sourceTree = "<group>"; };
		3B48A94214D5FDD800846AD6 /* JZAppDelegate.h */ = {isa = PBXFileReference; path = JZAppDelegate.h; sourceTree = "<group>"; };
		3B48A94314D5FDD800846AD6 /* JZAppDelegate.m */ = {isa = PBXFileReference; lastKnownFileType = sourcecode.c.objc; path = JZAppDelegate.m; sourceTree = "<group>"; };
/* End PBXFileReference section */

/* Begin PBXFrameworksBuildPhase section */
		3B48A92C14D5FDD800846AD6 /* Frameworks */ = {
			isa = PBXFrameworksBuildPhase;
			buildActionMask = 2147483647;
			files = (
				3B48A93414D5FDD800846AD6 /* UIKit.framework in Frameworks */,
				3B48A93614D5FDD800846AD6 /* Foundation.framework in Frameworks */,
				3B48A93814D5FDD800846AD6 /* CoreGraphics.framework in Frameworks */,
			);
			runOnlyForDeploymentPostprocessing = 0;
		};
/* End PBXFrameworksBuildPhase section */

/* Begin PBXGroup section */
		3B48A92414D5FDD800846AD6 = {
			isa = PBXGroup;
			children = (
				3B48A93914D5FDD800846AD6 /* QRZar */,
				3B48A93214D5FDD800846AD6 /* Frameworks */,
				3B48A93014D5FDD800846AD6 /* Products */,
			);
			sourceTree = "<group>";
		};
		3B48A93014D5FDD800846AD6 /* Products */ = {
			isa = PBXGroup;
			children = (
				3B48A92F14D5FDD800846AD6 /* QRZar.app */,
			);
			name = Products;
			sourceTree = "<group>";
		};
		3B48A93214D5FDD800846AD6 /* Frameworks */ = {
			isa = PBXGroup;
			children = (
				3B48A93314D5FDD800846AD6 /* UIKit.framework */,
				3B48A93514D5FDD800846AD6 /* Foundation.framework */,
				3B48A93714D5FDD800846AD6 /* CoreGraphics.framework */,
			);
			name = Frameworks;
			sourceTree = "<group>";
		};
		3B48A93914D5FDD800846AD6 /* QRZar */ = {
			isa = PBXGroup;
			children = (
				3B48A94214D5FDD800846AD6 /* JZAppDelegate.h */,
				3B48A94314D5FDD800846AD6 /* JZAppDelegate.m */,
				3B48A93A14D5FDD800846AD6 /* Supporting Files */,
			);
			path = QRZar;
			sourceTree = "<group>";
		};
		3B48A93A14D5FDD800846AD6 /* Supporting Files */ = {
			isa = PBXGroup;
			children = (
				3B48A93B14D5FDD800846AD6 /* QRZar-Info.plist */,
				3B48A93C14D5FDD800846AD6 /* InfoPlist.strings */,
				3B48A93F14D5FDD800846AD6 /* main.m */,
				3B48A94114D5FDD800846AD6 /* QRZar-Prefix.pch */,
			);
			name = "Supporting Files";
			sourceTree = "<group>";
		};
/* End PBXGroup section */

/* Begin PBXNativeTarget section */
		3B48A92E14D5FDD800846AD6 /* QRZar */ = {
			isa = PBXNativeTarget;
			buildConfigurationList = 3B48A94714D5FDD800846AD6 /* Build configuration list for PBXNativeTarget "QRZar" */;
			buildPhases = (
				3B48A92B14D5FDD800846AD6 /* Sources */,
				3B48A92C14D5FDD800846AD6 /* Frameworks */,
				3B48A92D14D5FDD800846AD6 /* Resources */,
			);
			buildRules = (
			);
			dependencies = (
			);
			name = QRZar;
			productName = QRZar;
			productReference = 3B48A92F14D5FDD800846AD6 /* QRZar.app */;
			productType = "com.apple.product-type.application";
		};
/* End PBXNativeTarget section */

/* Begin PBXProject section */
		3B48A92614D5FDD800846AD6 /* Project object */ = {
			isa = PBXProject;
			attributes = {
				LastUpgradeCheck = 0420;
			};
			buildConfigurationList = 3B48A92914D5FDD800846AD6 /* Build configuration list for PBXProject "QRZar" */;
			compatibilityVersion = "Xcode 3.2";
			developmentRegion = English;
			hasScannedForEncodings = 0;
			knownRegions = (
				en,
			);
			mainGroup = 3B48A92414D5FDD800846AD6;
			productRefGroup = 3B48A93014D5FDD800846AD6 /* Products */;
			projectDirPath = "";
			projectRoot = "";
			targets = (
				3B48A92E14D5FDD800846AD6 /* QRZar */,
			);
		};
/* End PBXProject section */

/* Begin PBXResourcesBuildPhase section */
		3B48A92D14D5FDD800846AD6 /* Resources */ = {
			isa = PBXResourcesBuildPhase;
			buildActionMask = 2147483647;
			files = (
				3B48A93E14D5FDD800846AD6 /* InfoPlist.strings in Resources */,
			);
			runOnlyForDeploymentPostprocessing = 0;
		};
/* End PBXResourcesBuildPhase section */

/* Begin PBXSourcesBuildPhase section */
		3B48A92B14D5FDD800846AD6 /* Sources */ = {
			isa = PBXSourcesBuildPhase;
			buildActionMask = 2147483647;
			files = (
				3B48A94014D5FDD800846AD6 /* main.m in Sources */,
				3B48A94414D5FDD800846AD6 /* JZAppDelegate.m in Sources */,
			);
			runOnlyForDeploymentPostprocessing = 0;
		};
/* End PBXSourcesBuildPhase section */

/* Begin PBXVariantGroup section */
		3B48A93C14D5FDD800846AD6 /* InfoPlist.strings */ = {
			isa = PBXVariantGroup;
			children = (
				3B48A93D14D5FDD800846AD6 /* en */,
			);
			name = InfoPlist.strings;
			sourceTree = "<group>";
		};
/* End PBXVariantGroup section */

/* Begin XCBuildConfiguration section */
		3B48A94514D5FDD800846AD6 /* Debug */ = {
			isa = XCBuildConfiguration;
			buildSettings = {
				ALWAYS_SEARCH_USER_PATHS = NO;
				ARCHS = "$(ARCHS_STANDARD_32_BIT)";
				CLANG_ENABLE_OBJC_ARC = YES;
				"CODE_SIGN_IDENTITY[sdk=iphoneos*]" = "iPhone Developer";
				COPY_PHASE_STRIP = NO;
				GCC_C_LANGUAGE_STANDARD = gnu99;
				GCC_DYNAMIC_NO_PIC = NO;
				GCC_OPTIMIZATION_LEVEL = 0;
				GCC_PREPROCESSOR_DEFINITIONS = (
					"DEBUG=1",
					"$(inherited)",
				);
				GCC_SYMBOLS_PRIVATE_EXTERN = NO;
				GCC_VERSION = com.apple.compilers.llvm.clang.1_0;
				GCC_WARN_ABOUT_MISSING_PROTOTYPES = YES;
				GCC_WARN_ABOUT_RETURN_TYPE = YES;
				GCC_WARN_UNUSED_VARIABLE = YES;
				IPHONEOS_DEPLOYMENT_TARGET = 5.0;
				SDKROOT = iphoneos;
			};
			name = Debug;
		};
		3B48A94614D5FDD800846AD6 /* Release */ = {
			isa = XCBuildConfiguration;
			buildSettings = {
				ALWAYS_SEARCH_USER_PATHS = NO;
				ARCHS = "$(ARCHS_STANDARD_32_BIT)";
				CLANG_ENABLE_OBJC_ARC = YES;
				"CODE_SIGN_IDENTITY[sdk=iphoneos*]" = "iPhone Developer";
				COPY_PHASE_STRIP = YES;
				GCC_C_LANGUAGE_STANDARD = gnu99;
				GCC_VERSION = com.apple.compilers.llvm.clang.1_0;
				GCC_WARN_ABOUT_MISSING_PROTOTYPES = YES;
				GCC_WARN_ABOUT_RETURN_TYPE = YES;
				GCC_WARN_UNUSED_VARIABLE = YES;
				IPHONEOS_DEPLOYMENT_TARGET = 5.0;
				OTHER_CFLAGS = "-DNS_BLOCK_ASSERTIONS=1";
				SDKROOT = iphoneos;
				VALIDATE_PRODUCT = YES;
			};
			name = Release;
		};
		3B48A94814D5FDD800846AD6 /* Debug */ = {
			isa = XCBuildConfiguration;
			buildSettings = {
				GCC_PRECOMPILE_PREFIX_HEADER = YES;
				GCC_PREFIX_HEADER = "QRZar/QRZar-Prefix.pch";
				INFOPLIST_FILE = "QRZar/QRZar-Info.plist";
				PRODUCT_NAME = "$(TARGET_NAME)";
				WRAPPER_EXTENSION = app;
			};
			name = Debug;
		};
		3B48A94914D5FDD800846AD6 /* Release */ = {
			isa = XCBuildConfiguration;
			buildSettings = {
				GCC_PRECOMPILE_PREFIX_HEADER = YES;
				GCC_PREFIX_HEADER = "QRZar/QRZar-Prefix.pch";
				INFOPLIST_FILE = "QRZar/QRZar-Info.plist";
				PRODUCT_NAME = "$(TARGET_NAME)";
				WRAPPER_EXTENSION = app;
			};
			name = Release;
		};
/* End XCBuildConfiguration section */

/* Begin XCConfigurationList section */
		3B48A92914D5FDD800846AD6 /* Build configuration list for PBXProject "QRZar" */ = {
			isa = XCConfigurationList;
			buildConfigurations = (
				3B48A94514D5FDD800846AD6 /* Debug */,
				3B48A94614D5FDD800846AD6 /* Release */,
			);
			defaultConfigurationIsVisible = 0;
			defaultConfigurationName = Release;
		};
		3B48A94714D5FDD800846AD6 /* Build configuration list for PBXNativeTarget "QRZar" */ = {
			isa = XCConfigurationList;
			buildConfigurations = (
				3B48A94814D5FDD800846AD6 /* Debug */,
				3B48A94914D5FDD800846AD6 /* Release */,
			);
			defaultConfigurationIsVisible = 0;
		};
/* End XCConfigurationList section */
	};
	rootObject = 3B48A92614D5FDD800846AD6 /* Project object */;
}
